
Microsoft Visual Studio Solution File, Format Version 12.00
Project("{FAE04EC0-301F-11D3-BF4B-00C04F79EFBC}") = "Sanet.MVVM.Core", "Sanet.MVVM.Core\Sanet.MVVM.Core.csproj", "{804FB03D-6A11-4187-90FE-15383D61F286}"
EndProject
Project("{2150E333-8FDC-42A3-9474-1A3956D46DE8}") = "Navigation", "Navigation", "{2C00DF42-EB2C-4B2B-ADCE-3D7FECF47F57}"
EndProject
Project("{FAE04EC0-301F-11D3-BF4B-00C04F79EFBC}") = "Sanet.MVVM.Navigation.Avalonia", "Navigation\Sanet.MVVM.Navigation.Avalonia\Sanet.MVVM.Navigation.Avalonia.csproj", "{1F099723-F105-4192-A723-E97B77A99C33}"
EndProject
Global
	GlobalSection(SolutionConfigurationPlatforms) = preSolution
		Debug|Any CPU = Debug|Any CPU
		Release|Any CPU = Release|Any CPU
	EndGlobalSection
	GlobalSection(ProjectConfigurationPlatforms) = postSolution
		{804FB03D-6A11-4187-90FE-15383D61F286}.Debug|Any CPU.ActiveCfg = Debug|Any CPU
		{804FB03D-6A11-4187-90FE-15383D61F286}.Debug|Any CPU.Build.0 = Debug|Any CPU
		{804FB03D-6A11-4187-90FE-15383D61F286}.Release|Any CPU.ActiveCfg = Release|Any CPU
		{804FB03D-6A11-4187-90FE-15383D61F286}.Release|Any CPU.Build.0 = Release|Any CPU
		{1F099723-F105-4192-A723-E97B77A99C33}.Debug|Any CPU.ActiveCfg = Debug|Any CPU
		{1F099723-F105-4192-A723-E97B77A99C33}.Debug|Any CPU.Build.0 = Debug|Any CPU
		{1F099723-F105-4192-A723-E97B77A99C33}.Release|Any CPU.ActiveCfg = Release|Any CPU
		{1F099723-F105-4192-A723-E97B77A99C33}.Release|Any CPU.Build.0 = Release|Any CPU
	EndGlobalSection
	GlobalSection(NestedProjects) = preSolution
		{1F099723-F105-4192-A723-E97B77A99C33} = {2C00DF42-EB2C-4B2B-ADCE-3D7FECF47F57}
	EndGlobalSection
EndGlobal
