
Microsoft Visual Studio Solution File, Format Version 12.00
Project("{FAE04EC0-301F-11D3-BF4B-00C04F79EFBC}") = "Sanet.MVVM.Core", "Sanet.MVVM.Core\Sanet.MVVM.Core.csproj", "{804FB03D-6A11-4187-90FE-15383D61F286}"
EndProject
Project("{2150E333-8FDC-42A3-9474-1A3956D46DE8}") = "Navigation", "Navigation", "{2C00DF42-EB2C-4B2B-ADCE-3D7FECF47F57}"
EndProject
Project("{FAE04EC0-301F-11D3-BF4B-00C04F79EFBC}") = "Sanet.MVVM.Navigation.Avalonia", "Navigation\Sanet.MVVM.Navigation.Avalonia\Sanet.MVVM.Navigation.Avalonia.csproj", "{1F099723-F105-4192-A723-E97B77A99C33}"
EndProject
Project("{2150E333-8FDC-42A3-9474-1A3956D46DE8}") = "Views", "Views", "{8E872B26-9C8B-4E5D-8160-60CDE1F388AA}"
EndProject
Project("{FAE04EC0-301F-11D3-BF4B-00C04F79EFBC}") = "Sanet.MVVM.Views.Avalonia", "Views\Sanet.MVVM.Views.Avalonia\Sanet.MVVM.Views.Avalonia.csproj", "{671A7242-40D5-443B-A273-EF4E1C4A9B0A}"
EndProject
Project("{FAE04EC0-301F-11D3-BF4B-00C04F79EFBC}") = "Sanet.MVVM.Core.Tests", "Sanet.MVVM.Core.Tests\Sanet.MVVM.Core.Tests.csproj", "{3B67371D-0411-44A1-B53A-404A6A3F188C}"
EndProject
Project("{2150E333-8FDC-42A3-9474-1A3956D46DE8}") = "DI", "DI", "{4E6DB522-3D35-4188-9BA0-0A8971CE5351}"
EndProject
Project("{FAE04EC0-301F-11D3-BF4B-00C04F79EFBC}") = "Sanet.MVVM.DI.Avalonia", "DI\Sanet.MVVM.DI.Avalonia\Sanet.MVVM.DI.Avalonia.csproj", "{E016CF45-69D0-449C-A9D2-972465AE3C91}"
EndProject
Project("{2150E333-8FDC-42A3-9474-1A3956D46DE8}") = "ExternalNavigation", "ExternalNavigation", "{6558542C-96C1-DA8E-ED49-9C4217114DA0}"
EndProject
Project("{FAE04EC0-301F-11D3-BF4B-00C04F79EFBC}") = "Sanet.MVVM.ExternalNavigation.Desktop", "ExternalNavigation\Sanet.MVVM.ExternalNavigation.Desktop\Sanet.MVVM.ExternalNavigation.Desktop.csproj", "{4DFAE7EB-90B0-4C90-A40A-83EE536F7BA7}"
EndProject
Project("{FAE04EC0-301F-11D3-BF4B-00C04F79EFBC}") = "Sanet.MVVM.ExternalNavigation.Android", "ExternalNavigation\Sanet.MVVM.ExternalNavigation.Android\Sanet.MVVM.ExternalNavigation.Android.csproj", "{6DE5C107-E1D0-465F-8537-3662A34E0FC3}"
EndProject
Project("{FAE04EC0-301F-11D3-BF4B-00C04F79EFBC}") = "Sanet.MVVM.ExternalNavigation.iOS", "ExternalNavigation\Sanet.MVVM.ExternalNavigation.iOS\Sanet.MVVM.ExternalNavigation.iOS.csproj", "{04F96E3F-3822-4585-A0BF-8F6D0FDD899E}"
EndProject
Project("{FAE04EC0-301F-11D3-BF4B-00C04F79EFBC}") = "Sanet.MVVM.ExternalNavigation.Browser", "ExternalNavigation\Sanet.MVVM.ExternalNavigation.Browser\Sanet.MVVM.ExternalNavigation.Browser.csproj", "{FD58CCA7-745C-44DA-B726-CB6A5265F850}"
EndProject
Global
	GlobalSection(SolutionConfigurationPlatforms) = preSolution
		Debug|Any CPU = Debug|Any CPU
		Debug|x64 = Debug|x64
		Debug|x86 = Debug|x86
		Release|Any CPU = Release|Any CPU
		Release|x64 = Release|x64
		Release|x86 = Release|x86
	EndGlobalSection
	GlobalSection(ProjectConfigurationPlatforms) = postSolution
		{804FB03D-6A11-4187-90FE-15383D61F286}.Debug|Any CPU.ActiveCfg = Debug|Any CPU
		{804FB03D-6A11-4187-90FE-15383D61F286}.Debug|Any CPU.Build.0 = Debug|Any CPU
		{804FB03D-6A11-4187-90FE-15383D61F286}.Debug|x64.ActiveCfg = Debug|Any CPU
		{804FB03D-6A11-4187-90FE-15383D61F286}.Debug|x64.Build.0 = Debug|Any CPU
		{804FB03D-6A11-4187-90FE-15383D61F286}.Debug|x86.ActiveCfg = Debug|Any CPU
		{804FB03D-6A11-4187-90FE-15383D61F286}.Debug|x86.Build.0 = Debug|Any CPU
		{804FB03D-6A11-4187-90FE-15383D61F286}.Release|Any CPU.ActiveCfg = Release|Any CPU
		{804FB03D-6A11-4187-90FE-15383D61F286}.Release|Any CPU.Build.0 = Release|Any CPU
		{804FB03D-6A11-4187-90FE-15383D61F286}.Release|x64.ActiveCfg = Release|Any CPU
		{804FB03D-6A11-4187-90FE-15383D61F286}.Release|x64.Build.0 = Release|Any CPU
		{804FB03D-6A11-4187-90FE-15383D61F286}.Release|x86.ActiveCfg = Release|Any CPU
		{804FB03D-6A11-4187-90FE-15383D61F286}.Release|x86.Build.0 = Release|Any CPU
		{1F099723-F105-4192-A723-E97B77A99C33}.Debug|Any CPU.ActiveCfg = Debug|Any CPU
		{1F099723-F105-4192-A723-E97B77A99C33}.Debug|Any CPU.Build.0 = Debug|Any CPU
		{1F099723-F105-4192-A723-E97B77A99C33}.Debug|x64.ActiveCfg = Debug|Any CPU
		{1F099723-F105-4192-A723-E97B77A99C33}.Debug|x64.Build.0 = Debug|Any CPU
		{1F099723-F105-4192-A723-E97B77A99C33}.Debug|x86.ActiveCfg = Debug|Any CPU
		{1F099723-F105-4192-A723-E97B77A99C33}.Debug|x86.Build.0 = Debug|Any CPU
		{1F099723-F105-4192-A723-E97B77A99C33}.Release|Any CPU.ActiveCfg = Release|Any CPU
		{1F099723-F105-4192-A723-E97B77A99C33}.Release|Any CPU.Build.0 = Release|Any CPU
		{1F099723-F105-4192-A723-E97B77A99C33}.Release|x64.ActiveCfg = Release|Any CPU
		{1F099723-F105-4192-A723-E97B77A99C33}.Release|x64.Build.0 = Release|Any CPU
		{1F099723-F105-4192-A723-E97B77A99C33}.Release|x86.ActiveCfg = Release|Any CPU
		{1F099723-F105-4192-A723-E97B77A99C33}.Release|x86.Build.0 = Release|Any CPU
		{671A7242-40D5-443B-A273-EF4E1C4A9B0A}.Debug|Any CPU.ActiveCfg = Debug|Any CPU
		{671A7242-40D5-443B-A273-EF4E1C4A9B0A}.Debug|Any CPU.Build.0 = Debug|Any CPU
		{671A7242-40D5-443B-A273-EF4E1C4A9B0A}.Debug|x64.ActiveCfg = Debug|Any CPU
		{671A7242-40D5-443B-A273-EF4E1C4A9B0A}.Debug|x64.Build.0 = Debug|Any CPU
		{671A7242-40D5-443B-A273-EF4E1C4A9B0A}.Debug|x86.ActiveCfg = Debug|Any CPU
		{671A7242-40D5-443B-A273-EF4E1C4A9B0A}.Debug|x86.Build.0 = Debug|Any CPU
		{671A7242-40D5-443B-A273-EF4E1C4A9B0A}.Release|Any CPU.ActiveCfg = Release|Any CPU
		{671A7242-40D5-443B-A273-EF4E1C4A9B0A}.Release|Any CPU.Build.0 = Release|Any CPU
		{671A7242-40D5-443B-A273-EF4E1C4A9B0A}.Release|x64.ActiveCfg = Release|Any CPU
		{671A7242-40D5-443B-A273-EF4E1C4A9B0A}.Release|x64.Build.0 = Release|Any CPU
		{671A7242-40D5-443B-A273-EF4E1C4A9B0A}.Release|x86.ActiveCfg = Release|Any CPU
		{671A7242-40D5-443B-A273-EF4E1C4A9B0A}.Release|x86.Build.0 = Release|Any CPU
		{3B67371D-0411-44A1-B53A-404A6A3F188C}.Debug|Any CPU.ActiveCfg = Debug|Any CPU
		{3B67371D-0411-44A1-B53A-404A6A3F188C}.Debug|Any CPU.Build.0 = Debug|Any CPU
		{3B67371D-0411-44A1-B53A-404A6A3F188C}.Debug|x64.ActiveCfg = Debug|Any CPU
		{3B67371D-0411-44A1-B53A-404A6A3F188C}.Debug|x64.Build.0 = Debug|Any CPU
		{3B67371D-0411-44A1-B53A-404A6A3F188C}.Debug|x86.ActiveCfg = Debug|Any CPU
		{3B67371D-0411-44A1-B53A-404A6A3F188C}.Debug|x86.Build.0 = Debug|Any CPU
		{3B67371D-0411-44A1-B53A-404A6A3F188C}.Release|Any CPU.ActiveCfg = Release|Any CPU
		{3B67371D-0411-44A1-B53A-404A6A3F188C}.Release|Any CPU.Build.0 = Release|Any CPU
		{3B67371D-0411-44A1-B53A-404A6A3F188C}.Release|x64.ActiveCfg = Release|Any CPU
		{3B67371D-0411-44A1-B53A-404A6A3F188C}.Release|x64.Build.0 = Release|Any CPU
		{3B67371D-0411-44A1-B53A-404A6A3F188C}.Release|x86.ActiveCfg = Release|Any CPU
		{3B67371D-0411-44A1-B53A-404A6A3F188C}.Release|x86.Build.0 = Release|Any CPU
		{E016CF45-69D0-449C-A9D2-972465AE3C91}.Debug|Any CPU.ActiveCfg = Debug|Any CPU
		{E016CF45-69D0-449C-A9D2-972465AE3C91}.Debug|Any CPU.Build.0 = Debug|Any CPU
		{E016CF45-69D0-449C-A9D2-972465AE3C91}.Debug|x64.ActiveCfg = Debug|Any CPU
		{E016CF45-69D0-449C-A9D2-972465AE3C91}.Debug|x64.Build.0 = Debug|Any CPU
		{E016CF45-69D0-449C-A9D2-972465AE3C91}.Debug|x86.ActiveCfg = Debug|Any CPU
		{E016CF45-69D0-449C-A9D2-972465AE3C91}.Debug|x86.Build.0 = Debug|Any CPU
		{E016CF45-69D0-449C-A9D2-972465AE3C91}.Release|Any CPU.ActiveCfg = Release|Any CPU
		{E016CF45-69D0-449C-A9D2-972465AE3C91}.Release|Any CPU.Build.0 = Release|Any CPU
		{E016CF45-69D0-449C-A9D2-972465AE3C91}.Release|x64.ActiveCfg = Release|Any CPU
		{E016CF45-69D0-449C-A9D2-972465AE3C91}.Release|x64.Build.0 = Release|Any CPU
		{E016CF45-69D0-449C-A9D2-972465AE3C91}.Release|x86.ActiveCfg = Release|Any CPU
		{E016CF45-69D0-449C-A9D2-972465AE3C91}.Release|x86.Build.0 = Release|Any CPU
		{4DFAE7EB-90B0-4C90-A40A-83EE536F7BA7}.Debug|Any CPU.ActiveCfg = Debug|Any CPU
		{4DFAE7EB-90B0-4C90-A40A-83EE536F7BA7}.Debug|Any CPU.Build.0 = Debug|Any CPU
		{4DFAE7EB-90B0-4C90-A40A-83EE536F7BA7}.Debug|x64.ActiveCfg = Debug|Any CPU
		{4DFAE7EB-90B0-4C90-A40A-83EE536F7BA7}.Debug|x64.Build.0 = Debug|Any CPU
		{4DFAE7EB-90B0-4C90-A40A-83EE536F7BA7}.Debug|x86.ActiveCfg = Debug|Any CPU
		{4DFAE7EB-90B0-4C90-A40A-83EE536F7BA7}.Debug|x86.Build.0 = Debug|Any CPU
		{4DFAE7EB-90B0-4C90-A40A-83EE536F7BA7}.Release|Any CPU.ActiveCfg = Release|Any CPU
		{4DFAE7EB-90B0-4C90-A40A-83EE536F7BA7}.Release|Any CPU.Build.0 = Release|Any CPU
		{4DFAE7EB-90B0-4C90-A40A-83EE536F7BA7}.Release|x64.ActiveCfg = Release|Any CPU
		{4DFAE7EB-90B0-4C90-A40A-83EE536F7BA7}.Release|x64.Build.0 = Release|Any CPU
		{4DFAE7EB-90B0-4C90-A40A-83EE536F7BA7}.Release|x86.ActiveCfg = Release|Any CPU
		{4DFAE7EB-90B0-4C90-A40A-83EE536F7BA7}.Release|x86.Build.0 = Release|Any CPU
		{6DE5C107-E1D0-465F-8537-3662A34E0FC3}.Debug|Any CPU.ActiveCfg = Debug|Any CPU
		{6DE5C107-E1D0-465F-8537-3662A34E0FC3}.Debug|Any CPU.Build.0 = Debug|Any CPU
		{6DE5C107-E1D0-465F-8537-3662A34E0FC3}.Debug|x64.ActiveCfg = Debug|Any CPU
		{6DE5C107-E1D0-465F-8537-3662A34E0FC3}.Debug|x64.Build.0 = Debug|Any CPU
		{6DE5C107-E1D0-465F-8537-3662A34E0FC3}.Debug|x86.ActiveCfg = Debug|Any CPU
		{6DE5C107-E1D0-465F-8537-3662A34E0FC3}.Debug|x86.Build.0 = Debug|Any CPU
		{6DE5C107-E1D0-465F-8537-3662A34E0FC3}.Release|Any CPU.ActiveCfg = Release|Any CPU
		{6DE5C107-E1D0-465F-8537-3662A34E0FC3}.Release|Any CPU.Build.0 = Release|Any CPU
		{6DE5C107-E1D0-465F-8537-3662A34E0FC3}.Release|x64.ActiveCfg = Release|Any CPU
		{6DE5C107-E1D0-465F-8537-3662A34E0FC3}.Release|x64.Build.0 = Release|Any CPU
		{6DE5C107-E1D0-465F-8537-3662A34E0FC3}.Release|x86.ActiveCfg = Release|Any CPU
		{6DE5C107-E1D0-465F-8537-3662A34E0FC3}.Release|x86.Build.0 = Release|Any CPU
		{04F96E3F-3822-4585-A0BF-8F6D0FDD899E}.Debug|Any CPU.ActiveCfg = Debug|Any CPU
		{04F96E3F-3822-4585-A0BF-8F6D0FDD899E}.Debug|Any CPU.Build.0 = Debug|Any CPU
		{04F96E3F-3822-4585-A0BF-8F6D0FDD899E}.Debug|x64.ActiveCfg = Debug|Any CPU
		{04F96E3F-3822-4585-A0BF-8F6D0FDD899E}.Debug|x64.Build.0 = Debug|Any CPU
		{04F96E3F-3822-4585-A0BF-8F6D0FDD899E}.Debug|x86.ActiveCfg = Debug|Any CPU
		{04F96E3F-3822-4585-A0BF-8F6D0FDD899E}.Debug|x86.Build.0 = Debug|Any CPU
		{04F96E3F-3822-4585-A0BF-8F6D0FDD899E}.Release|Any CPU.ActiveCfg = Release|Any CPU
		{04F96E3F-3822-4585-A0BF-8F6D0FDD899E}.Release|Any CPU.Build.0 = Release|Any CPU
		{04F96E3F-3822-4585-A0BF-8F6D0FDD899E}.Release|x64.ActiveCfg = Release|Any CPU
		{04F96E3F-3822-4585-A0BF-8F6D0FDD899E}.Release|x64.Build.0 = Release|Any CPU
		{04F96E3F-3822-4585-A0BF-8F6D0FDD899E}.Release|x86.ActiveCfg = Release|Any CPU
		{04F96E3F-3822-4585-A0BF-8F6D0FDD899E}.Release|x86.Build.0 = Release|Any CPU
		{FD58CCA7-745C-44DA-B726-CB6A5265F850}.Debug|Any CPU.ActiveCfg = Debug|Any CPU
		{FD58CCA7-745C-44DA-B726-CB6A5265F850}.Debug|Any CPU.Build.0 = Debug|Any CPU
		{FD58CCA7-745C-44DA-B726-CB6A5265F850}.Debug|x64.ActiveCfg = Debug|Any CPU
		{FD58CCA7-745C-44DA-B726-CB6A5265F850}.Debug|x64.Build.0 = Debug|Any CPU
		{FD58CCA7-745C-44DA-B726-CB6A5265F850}.Debug|x86.ActiveCfg = Debug|Any CPU
		{FD58CCA7-745C-44DA-B726-CB6A5265F850}.Debug|x86.Build.0 = Debug|Any CPU
		{FD58CCA7-745C-44DA-B726-CB6A5265F850}.Release|Any CPU.ActiveCfg = Release|Any CPU
		{FD58CCA7-745C-44DA-B726-CB6A5265F850}.Release|Any CPU.Build.0 = Release|Any CPU
		{FD58CCA7-745C-44DA-B726-CB6A5265F850}.Release|x64.ActiveCfg = Release|Any CPU
		{FD58CCA7-745C-44DA-B726-CB6A5265F850}.Release|x64.Build.0 = Release|Any CPU
		{FD58CCA7-745C-44DA-B726-CB6A5265F850}.Release|x86.ActiveCfg = Release|Any CPU
		{FD58CCA7-745C-44DA-B726-CB6A5265F850}.Release|x86.Build.0 = Release|Any CPU
	EndGlobalSection
	GlobalSection(SolutionProperties) = preSolution
		HideSolutionNode = FALSE
	EndGlobalSection
	GlobalSection(NestedProjects) = preSolution
		{1F099723-F105-4192-A723-E97B77A99C33} = {2C00DF42-EB2C-4B2B-ADCE-3D7FECF47F57}
		{671A7242-40D5-443B-A273-EF4E1C4A9B0A} = {8E872B26-9C8B-4E5D-8160-60CDE1F388AA}
		{E016CF45-69D0-449C-A9D2-972465AE3C91} = {4E6DB522-3D35-4188-9BA0-0A8971CE5351}
		{4DFAE7EB-90B0-4C90-A40A-83EE536F7BA7} = {6558542C-96C1-DA8E-ED49-9C4217114DA0}
		{6DE5C107-E1D0-465F-8537-3662A34E0FC3} = {6558542C-96C1-DA8E-ED49-9C4217114DA0}
		{04F96E3F-3822-4585-A0BF-8F6D0FDD899E} = {6558542C-96C1-DA8E-ED49-9C4217114DA0}
		{FD58CCA7-745C-44DA-B726-CB6A5265F850} = {6558542C-96C1-DA8E-ED49-9C4217114DA0}
	EndGlobalSection
EndGlobal
