
Microsoft Visual Studio Solution File, Format Version 12.00
Project("{FAE04EC0-301F-11D3-BF4B-00C04F79EFBC}") = "Sanet.MVVM.Core", "Sanet.MVVM.Core\Sanet.MVVM.Core.csproj", "{804FB03D-6A11-4187-90FE-15383D61F286}"
EndProject
Project("{2150E333-8FDC-42A3-9474-1A3956D46DE8}") = "Navigation", "Navigation", "{2C00DF42-EB2C-4B2B-ADCE-3D7FECF47F57}"
EndProject
Project("{FAE04EC0-301F-11D3-BF4B-00C04F79EFBC}") = "Sanet.MVVM.Navigation.Avalonia", "Navigation\Sanet.MVVM.Navigation.Avalonia\Sanet.MVVM.Navigation.Avalonia.csproj", "{1F099723-F105-4192-A723-E97B77A99C33}"
EndProject
Project("{2150E333-8FDC-42A3-9474-1A3956D46DE8}") = "Views", "Views", "{8E872B26-9C8B-4E5D-8160-60CDE1F388AA}"
EndProject
Project("{FAE04EC0-301F-11D3-BF4B-00C04F79EFBC}") = "Sanet.MVVM.Views.Avalonia", "Views\Sanet.MVVM.Views.Avalonia\Sanet.MVVM.Views.Avalonia.csproj", "{671A7242-40D5-443B-A273-EF4E1C4A9B0A}"
EndProject
Project("{FAE04EC0-301F-11D3-BF4B-00C04F79EFBC}") = "Sanet.MVVM.Core.Tests", "Sanet.MVVM.Core.Tests\Sanet.MVVM.Core.Tests.csproj", "{3B67371D-0411-44A1-B53A-404A6A3F188C}"
EndProject
Project("{2150E333-8FDC-42A3-9474-1A3956D46DE8}") = "DI", "DI", "{4E6DB522-3D35-4188-9BA0-0A8971CE5351}"
EndProject
Project("{FAE04EC0-301F-11D3-BF4B-00C04F79EFBC}") = "Sanet.MVVM.DI.Avalonia", "DI\Sanet.MVVM.DI.Avalonia\Sanet.MVVM.DI.Avalonia.csproj", "{E016CF45-69D0-449C-A9D2-972465AE3C91}"
EndProject
Global
	GlobalSection(SolutionConfigurationPlatforms) = preSolution
		Debug|Any CPU = Debug|Any CPU
		Release|Any CPU = Release|Any CPU
	EndGlobalSection
	GlobalSection(ProjectConfigurationPlatforms) = postSolution
		{804FB03D-6A11-4187-90FE-15383D61F286}.Debug|Any CPU.ActiveCfg = Debug|Any CPU
		{804FB03D-6A11-4187-90FE-15383D61F286}.Debug|Any CPU.Build.0 = Debug|Any CPU
		{804FB03D-6A11-4187-90FE-15383D61F286}.Release|Any CPU.ActiveCfg = Release|Any CPU
		{804FB03D-6A11-4187-90FE-15383D61F286}.Release|Any CPU.Build.0 = Release|Any CPU
		{1F099723-F105-4192-A723-E97B77A99C33}.Debug|Any CPU.ActiveCfg = Debug|Any CPU
		{1F099723-F105-4192-A723-E97B77A99C33}.Debug|Any CPU.Build.0 = Debug|Any CPU
		{1F099723-F105-4192-A723-E97B77A99C33}.Release|Any CPU.ActiveCfg = Release|Any CPU
		{1F099723-F105-4192-A723-E97B77A99C33}.Release|Any CPU.Build.0 = Release|Any CPU
		{671A7242-40D5-443B-A273-EF4E1C4A9B0A}.Debug|Any CPU.ActiveCfg = Debug|Any CPU
		{671A7242-40D5-443B-A273-EF4E1C4A9B0A}.Debug|Any CPU.Build.0 = Debug|Any CPU
		{671A7242-40D5-443B-A273-EF4E1C4A9B0A}.Release|Any CPU.ActiveCfg = Release|Any CPU
		{671A7242-40D5-443B-A273-EF4E1C4A9B0A}.Release|Any CPU.Build.0 = Release|Any CPU
		{3B67371D-0411-44A1-B53A-404A6A3F188C}.Debug|Any CPU.ActiveCfg = Debug|Any CPU
		{3B67371D-0411-44A1-B53A-404A6A3F188C}.Debug|Any CPU.Build.0 = Debug|Any CPU
		{3B67371D-0411-44A1-B53A-404A6A3F188C}.Release|Any CPU.ActiveCfg = Release|Any CPU
		{3B67371D-0411-44A1-B53A-404A6A3F188C}.Release|Any CPU.Build.0 = Release|Any CPU
		{E016CF45-69D0-449C-A9D2-972465AE3C91}.Debug|Any CPU.ActiveCfg = Debug|Any CPU
		{E016CF45-69D0-449C-A9D2-972465AE3C91}.Debug|Any CPU.Build.0 = Debug|Any CPU
		{E016CF45-69D0-449C-A9D2-972465AE3C91}.Release|Any CPU.ActiveCfg = Release|Any CPU
		{E016CF45-69D0-449C-A9D2-972465AE3C91}.Release|Any CPU.Build.0 = Release|Any CPU
	EndGlobalSection
	GlobalSection(NestedProjects) = preSolution
		{1F099723-F105-4192-A723-E97B77A99C33} = {2C00DF42-EB2C-4B2B-ADCE-3D7FECF47F57}
		{671A7242-40D5-443B-A273-EF4E1C4A9B0A} = {8E872B26-9C8B-4E5D-8160-60CDE1F388AA}
		{E016CF45-69D0-449C-A9D2-972465AE3C91} = {4E6DB522-3D35-4188-9BA0-0A8971CE5351}
	EndGlobalSection
EndGlobal
